{
    "_readme": [
        "This file locks the dependencies of your project to a known state",
        "Read more about it at https://getcomposer.org/doc/01-basic-usage.md#installing-dependencies",
        "This file is @generated automatically"
    ],
    "content-hash": "6ad2eeca3f035790e215cfbde3c765fd",
    "packages": [
        {
            "name": "od/sw6-job-scheduler",
            "version": "1.0.5",
            "source": {
                "type": "git",
                "url": "https://bitbucket.org/overdosedigital/shopware-job-scheduler.git",
                "reference": "c97d38a0d15fab551800c17a189cd85474efdc0a"
            },
            "dist": {
                "type": "zip",
                "url": "https://bitbucket.org/overdosedigital/shopware-job-scheduler/get/c97d38a0d15fab551800c17a189cd85474efdc0a.zip",
                "reference": "c97d38a0d15fab551800c17a189cd85474efdc0a",
                "shasum": ""
            },
            "require": {
                "php": "^7.4 || ^8.0"
            },
            "type": "library",
            "autoload": {
                "psr-4": {
                    "Od\\Scheduler\\": "src/"
                }
            },
            "notification-url": "https://packagist.org/downloads/",
            "license": [
                "proprietary"
            ],
            "description": "System library for async job scheduling for Shopware 6",
            "homepage": "https://bitbucket.org/overdosedigital/shopware-job-scheduler",
            "support": {
                "source": "https://bitbucket.org/overdosedigital/shopware-job-scheduler/src/c97d38a0d15fab551800c17a189cd85474efdc0a/?at=1.0.5"
            },
            "time": "2023-12-14T18:08:24+00:00"
        }
    ],
    "packages-dev": [],
    "aliases": [],
    "minimum-stability": "stable",
    "stability-flags": [],
    "prefer-stable": false,
    "prefer-lowest": false,
    "platform": {
        "php": "^7.4 || ^8.0"
    },
    "platform-dev": [],
    "plugin-api-version": "2.3.0"
}
