{
    "_readme": [
        "This file locks the dependencies of your project to a known state",
        "Read more about it at https://getcomposer.org/doc/01-basic-usage.md#installing-dependencies",
        "This file is @generated automatically"
    ],
    "content-hash": "e31d5602cae6e08f3fba70f41c19d70e",
    "packages": [
        {
            "name": "od/sw6-job-scheduler",
            "version": "1.0.0",
            "dist": {
                "type": "path",
                "url": "deps/shopware-job-scheduler",
                "reference": "8350e6482b48c42811fe59a89509ff599a040868"
            },
            "require": {
                "php": "^7.4 || ^8.0"
            },
            "type": "library",
            "autoload": {
                "psr-4": {
                    "Od\\Scheduler\\": "src/"
                }
            },
            "license": [
                "proprietary"
            ],
            "description": "System library for async job scheduling for Shopware 6",
            "transport-options": {
                "symlink": false,
                "relative": true
            }
        }
    ],
    "packages-dev": [
        {
            "name": "fzaninotto/faker",
            "version": "v1.9.2",
            "source": {
                "type": "git",
                "url": "https://github.com/fzaninotto/Faker.git",
                "reference": "848d8125239d7dbf8ab25cb7f054f1a630e68c2e"
            },
            "dist": {
                "type": "zip",
                "url": "https://api.github.com/repos/fzaninotto/Faker/zipball/848d8125239d7dbf8ab25cb7f054f1a630e68c2e",
                "reference": "848d8125239d7dbf8ab25cb7f054f1a630e68c2e",
                "shasum": ""
            },
            "require": {
                "php": "^5.3.3 || ^7.0"
            },
            "require-dev": {
                "ext-intl": "*",
                "phpunit/phpunit": "^4.8.35 || ^5.7",
                "squizlabs/php_codesniffer": "^2.9.2"
            },
            "type": "library",
            "extra": {
                "branch-alias": {
                    "dev-master": "1.9-dev"
                }
            },
            "autoload": {
                "psr-4": {
                    "Faker\\": "src/Faker/"
                }
            },
            "notification-url": "https://packagist.org/downloads/",
            "license": [
                "MIT"
            ],
            "authors": [
                {
                    "name": "François Zaninotto"
                }
            ],
            "description": "Faker is a PHP library that generates fake data for you.",
            "keywords": [
                "data",
                "faker",
                "fixtures"
            ],
            "support": {
                "issues": "https://github.com/fzaninotto/Faker/issues",
                "source": "https://github.com/fzaninotto/Faker/tree/v1.9.2"
            },
            "abandoned": true,
            "time": "2020-12-11T09:56:16+00:00"
        }
    ],
    "aliases": [],
    "minimum-stability": "stable",
    "stability-flags": [],
    "prefer-stable": false,
    "prefer-lowest": false,
    "platform": {
        "php": "^7.4 || ^8.0",
        "ext-json": "*"
    },
    "platform-dev": [],
    "plugin-api-version": "2.3.0"
}
